// !$*UTF8*$!
{
	archiveVersion = 1;
	classes = {
	};
	objectVersion = 48;
	objects = {

/* Begin PBXBuildFile section */
		B3D28CD51FB7588300DB9905 /* AppDelegate.swift in Sources */ = {isa = PBXBuildFile; fileRef = B3D28CD41FB7588300DB9905 /* AppDelegate.swift */; };
		B3D28CD71FB7588300DB9905 /* ViewController.swift in Sources */ = {isa = PBXBuildFile; fileRef = B3D28CD61FB7588300DB9905 /* ViewController.swift */; };
		B3D28CDA1FB7588300DB9905 /* Main.storyboard in Resources */ = {isa = PBXBuildFile; fileRef = B3D28CD81FB7588300DB9905 /* Main.storyboard */; };
		B3D28CDC1FB7588300DB9905 /* Assets.xcassets in Resources */ = {isa = PBXBuildFile; fileRef = B3D28CDB1FB7588300DB9905 /* Assets.xcassets */; };
		B3D28CDF1FB7588300DB9905 /* LaunchScreen.storyboard in Resources */ = {isa = PBXBuildFile; fileRef = B3D28CDD1FB7588300DB9905 /* LaunchScreen.storyboard */; };
		B3D28CEA1FB7588300DB9905 /* TripNote2Tests.swift in Sources */ = {isa = PBXBuildFile; fileRef = B3D28CE91FB7588300DB9905 /* TripNote2Tests.swift */; };
/* End PBXBuildFile section */

/* Begin PBXContainerItemProxy section */
		B3D28CE61FB7588300DB9905 /* PBXContainerItemProxy */ = {
			isa = PBXContainerItemProxy;
			containerPortal = B3D28CC91FB7588300DB9905 /* Project object */;
			proxyType = 1;
			remoteGlobalIDString = B3D28CD01FB7588300DB9905;
			remoteInfo = TripNote2;
		};
/* End PBXContainerItemProxy section */

/* Begin PBXFileReference section */
		B3D28CD11FB7588300DB9905 /* TripNote2.app */ = {isa = PBXFileReference; explicitFileType = wrapper.application; includeInIndex = 0; path = TripNote2.app; sourceTree = BUILT_PRODUCTS_DIR; };
		B3D28CD41FB7588300DB9905 /* AppDelegate.swift */ = {isa = PBXFileReference; lastKnownFileType = sourcecode.swift; path = AppDelegate.swift; sourceTree = "<group>"; };
		B3D28CD61FB7588300DB9905 /* ViewController.swift */ = {isa = PBXFileReference; lastKnownFileType = sourcecode.swift; path = ViewController.swift; sourceTree = "<group>"; };
		B3D28CD91FB7588300DB9905 /* Base */ = {isa = PBXFileReference; lastKnownFileType = file.storyboard; name = Base; path = Base.lproj/Main.storyboard; sourceTree = "<group>"; };
		B3D28CDB1FB7588300DB9905 /* Assets.xcassets */ = {isa = PBXFileReference; lastKnownFileType = folder.assetcatalog; path = Assets.xcassets; sourceTree = "<group>"; };
		B3D28CDE1FB7588300DB9905 /* Base */ = {isa = PBXFileReference; lastKnownFileType = file.storyboard; name = Base; path = Base.lproj/LaunchScreen.storyboard; sourceTree = "<group>"; };
		B3D28CE01FB7588300DB9905 /* Info.plist */ = {isa = PBXFileReference; lastKnownFileType = text.plist.xml; path = Info.plist; sourceTree = "<group>"; };
		B3D28CE51FB7588300DB9905 /* TripNote2Tests.xctest */ = {isa = PBXFileReference; explicitFileType = wrapper.cfbundle; includeInIndex = 0; path = TripNote2Tests.xctest; sourceTree = BUILT_PRODUCTS_DIR; };
		B3D28CE91FB7588300DB9905 /* TripNote2Tests.swift */ = {isa = PBXFileReference; lastKnownFileType = sourcecode.swift; path = TripNote2Tests.swift; sourceTree = "<group>"; };
		B3D28CEB1FB7588300DB9905 /* Info.plist */ = {isa = PBXFileReference; lastKnownFileType = text.plist.xml; path = Info.plist; sourceTree = "<group>"; };
/* End PBXFileReference section */

/* Begin PBXFrameworksBuildPhase section */
		B3D28CCE1FB7588300DB9905 /* Frameworks */ = {
			isa = PBXFrameworksBuildPhase;
			buildActionMask = 2147483647;
			files = (
			);
			runOnlyForDeploymentPostprocessing = 0;
		};
		B3D28CE21FB7588300DB9905 /* Frameworks */ = {
			isa = PBXFrameworksBuildPhase;
			buildActionMask = 2147483647;
			files = (
			);
			runOnlyForDeploymentPostprocessing = 0;
		};
/* End PBXFrameworksBuildPhase section */

/* Begin PBXGroup section */
		B3D28CC81FB7588300DB9905 = {
			isa = PBXGroup;
			children = (
				B3D28CD31FB7588300DB9905 /* TripNote2 */,
				B3D28CE81FB7588300DB9905 /* TripNote2Tests */,
				B3D28CD21FB7588300DB9905 /* Products */,
			);
			sourceTree = "<group>";
		};
		B3D28CD21FB7588300DB9905 /* Products */ = {
			isa = PBXGroup;
			children = (
				B3D28CD11FB7588300DB9905 /* TripNote2.app */,
				B3D28CE51FB7588300DB9905 /* TripNote2Tests.xctest */,
			);
			name = Products;
			sourceTree = "<group>";
		};
		B3D28CD31FB7588300DB9905 /* TripNote2 */ = {
			isa = PBXGroup;
			children = (
				B3D28CD41FB7588300DB9905 /* AppDelegate.swift */,
				B3D28CD61FB7588300DB9905 /* ViewController.swift */,
				B3D28CD81FB7588300DB9905 /* Main.storyboard */,
				B3D28CDB1FB7588300DB9905 /* Assets.xcassets */,
				B3D28CDD1FB7588300DB9905 /* LaunchScreen.storyboard */,
				B3D28CE01FB7588300DB9905 /* Info.plist */,
			);
			path = TripNote2;
			sourceTree = "<group>";
		};
		B3D28CE81FB7588300DB9905 /* TripNote2Tests */ = {
			isa = PBXGroup;
			children = (
				B3D28CE91FB7588300DB9905 /* TripNote2Tests.swift */,
				B3D28CEB1FB7588300DB9905 /* Info.plist */,
			);
			path = TripNote2Tests;
			sourceTree = "<group>";
		};
/* End PBXGroup section */

/* Begin PBXNativeTarget section */
		B3D28CD01FB7588300DB9905 /* TripNote2 */ = {
			isa = PBXNativeTarget;
			buildConfigurationList = B3D28CEE1FB7588300DB9905 /* Build configuration list for PBXNativeTarget "TripNote2" */;
			buildPhases = (
				B3D28CCD1FB7588300DB9905 /* Sources */,
				B3D28CCE1FB7588300DB9905 /* Frameworks */,
				B3D28CCF1FB7588300DB9905 /* Resources */,
			);
			buildRules = (
			);
			dependencies = (
			);
			name = TripNote2;
			productName = TripNote2;
			productReference = B3D28CD11FB7588300DB9905 /* TripNote2.app */;
			productType = "com.apple.product-type.application";
		};
		B3D28CE41FB7588300DB9905 /* TripNote2Tests */ = {
			isa = PBXNativeTarget;
			buildConfigurationList = B3D28CF11FB7588300DB9905 /* Build configuration list for PBXNativeTarget "TripNote2Tests" */;
			buildPhases = (
				B3D28CE11FB7588300DB9905 /* Sources */,
				B3D28CE21FB7588300DB9905 /* Frameworks */,
				B3D28CE31FB7588300DB9905 /* Resources */,
			);
			buildRules = (
			);
			dependencies = (
				B3D28CE71FB7588300DB9905 /* PBXTargetDependency */,
			);
			name = TripNote2Tests;
			productName = TripNote2Tests;
			productReference = B3D28CE51FB7588300DB9905 /* TripNote2Tests.xctest */;
			productType = "com.apple.product-type.bundle.unit-test";
		};
/* End PBXNativeTarget section */

/* Begin PBXProject section */
		B3D28CC91FB7588300DB9905 /* Project object */ = {
			isa = PBXProject;
			attributes = {
				LastSwiftUpdateCheck = 0900;
				LastUpgradeCheck = 0900;
				ORGANIZATIONNAME = "Lothaire Laeuffer";
				TargetAttributes = {
					B3D28CD01FB7588300DB9905 = {
						CreatedOnToolsVersion = 9.0.1;
						ProvisioningStyle = Automatic;
					};
					B3D28CE41FB7588300DB9905 = {
						CreatedOnToolsVersion = 9.0.1;
						ProvisioningStyle = Automatic;
						TestTargetID = B3D28CD01FB7588300DB9905;
					};
				};
			};
			buildConfigurationList = B3D28CCC1FB7588300DB9905 /* Build configuration list for PBXProject "TripNote2" */;
			compatibilityVersion = "Xcode 8.0";
			developmentRegion = en;
			hasScannedForEncodings = 0;
			knownRegions = (
				en,
				Base,
			);
			mainGroup = B3D28CC81FB7588300DB9905;
			productRefGroup = B3D28CD21FB7588300DB9905 /* Products */;
			projectDirPath = "";
			projectRoot = "";
			targets = (
				B3D28CD01FB7588300DB9905 /* TripNote2 */,
				B3D28CE41FB7588300DB9905 /* TripNote2Tests */,
			);
		};
/* End PBXProject section */

/* Begin PBXResourcesBuildPhase section */
		B3D28CCF1FB7588300DB9905 /* Resources */ = {
			isa = PBXResourcesBuildPhase;
			buildActionMask = 2147483647;
			files = (
				B3D28CDF1FB7588300DB9905 /* LaunchScreen.storyboard in Resources */,
				B3D28CDC1FB7588300DB9905 /* Assets.xcassets in Resources */,
				B3D28CDA1FB7588300DB9905 /* Main.storyboard in Resources */,
			);
			runOnlyForDeploymentPostprocessing = 0;
		};
		B3D28CE31FB7588300DB9905 /* Resources */ = {
			isa = PBXResourcesBuildPhase;
			buildActionMask = 2147483647;
			files = (
			);
			runOnlyForDeploymentPostprocessing = 0;
		};
/* End PBXResourcesBuildPhase section */

/* Begin PBXSourcesBuildPhase section */
		B3D28CCD1FB7588300DB9905 /* Sources */ = {
			isa = PBXSourcesBuildPhase;
			buildActionMask = 2147483647;
			files = (
				B3D28CD71FB7588300DB9905 /* ViewController.swift in Sources */,
				B3D28CD51FB7588300DB9905 /* AppDelegate.swift in Sources */,
			);
			runOnlyForDeploymentPostprocessing = 0;
		};
		B3D28CE11FB7588300DB9905 /* Sources */ = {
			isa = PBXSourcesBuildPhase;
			buildActionMask = 2147483647;
			files = (
				B3D28CEA1FB7588300DB9905 /* TripNote2Tests.swift in Sources */,
			);
			runOnlyForDeploymentPostprocessing = 0;
		};
/* End PBXSourcesBuildPhase section */

/* Begin PBXTargetDependency section */
		B3D28CE71FB7588300DB9905 /* PBXTargetDependency */ = {
			isa = PBXTargetDependency;
			target = B3D28CD01FB7588300DB9905 /* TripNote2 */;
			targetProxy = B3D28CE61FB7588300DB9905 /* PBXContainerItemProxy */;
		};
/* End PBXTargetDependency section */

/* Begin PBXVariantGroup section */
		B3D28CD81FB7588300DB9905 /* Main.storyboard */ = {
			isa = PBXVariantGroup;
			children = (
				B3D28CD91FB7588300DB9905 /* Base */,
			);
			name = Main.storyboard;
			sourceTree = "<group>";
		};
		B3D28CDD1FB7588300DB9905 /* LaunchScreen.storyboard */ = {
			isa = PBXVariantGroup;
			children = (
				B3D28CDE1FB7588300DB9905 /* Base */,
			);
			name = LaunchScreen.storyboard;
			sourceTree = "<group>";
		};
/* End PBXVariantGroup section */

/* Begin XCBuildConfiguration section */
		B3D28CEC1FB7588300DB9905 /* Debug */ = {
			isa = XCBuildConfiguration;
			buildSettings = {
				ALWAYS_SEARCH_USER_PATHS = NO;
				CLANG_ANALYZER_NONNULL = YES;
				CLANG_ANALYZER_NUMBER_OBJECT_CONVERSION = YES_AGGRESSIVE;
				CLANG_CXX_LANGUAGE_STANDARD = "gnu++14";
				CLANG_CXX_LIBRARY = "libc++";
				CLANG_ENABLE_MODULES = YES;
				CLANG_ENABLE_OBJC_ARC = YES;
				CLANG_WARN_BLOCK_CAPTURE_AUTORELEASING = YES;
				CLANG_WARN_BOOL_CONVERSION = YES;
				CLANG_WARN_COMMA = YES;
				CLANG_WARN_CONSTANT_CONVERSION = YES;
				CLANG_WARN_DIRECT_OBJC_ISA_USAGE = YES_ERROR;
				CLANG_WARN_DOCUMENTATION_COMMENTS = YES;
				CLANG_WARN_EMPTY_BODY = YES;
				CLANG_WARN_ENUM_CONVERSION = YES;
				CLANG_WARN_INFINITE_RECURSION = YES;
				CLANG_WARN_INT_CONVERSION = YES;
				CLANG_WARN_NON_LITERAL_NULL_CONVERSION = YES;
				CLANG_WARN_OBJC_LITERAL_CONVERSION = YES;
				CLANG_WARN_OBJC_ROOT_CLASS = YES_ERROR;
				CLANG_WARN_RANGE_LOOP_ANALYSIS = YES;
				CLANG_WARN_STRICT_PROTOTYPES = YES;
				CLANG_WARN_SUSPICIOUS_MOVE = YES;
				CLANG_WARN_UNGUARDED_AVAILABILITY = YES_AGGRESSIVE;
				CLANG_WARN_UNREACHABLE_CODE = YES;
				CLANG_WARN__DUPLICATE_METHOD_MATCH = YES;
				CODE_SIGN_IDENTITY = "iPhone Developer";
				COPY_PHASE_STRIP = NO;
				DEBUG_INFORMATION_FORMAT = dwarf;
				ENABLE_STRICT_OBJC_MSGSEND = YES;
				ENABLE_TESTABILITY = YES;
				GCC_C_LANGUAGE_STANDARD = gnu11;
				GCC_DYNAMIC_NO_PIC = NO;
				GCC_NO_COMMON_BLOCKS = YES;
				GCC_OPTIMIZATION_LEVEL = 0;
				GCC_PREPROCESSOR_DEFINITIONS = (
					"DEBUG=1",
					"$(inherited)",
				);
				GCC_WARN_64_TO_32_BIT_CONVERSION = YES;
				GCC_WARN_ABOUT_RETURN_TYPE = YES_ERROR;
				GCC_WARN_UNDECLARED_SELECTOR = YES;
				GCC_WARN_UNINITIALIZED_AUTOS = YES_AGGRESSIVE;
				GCC_WARN_UNUSED_FUNCTION = YES;
				GCC_WARN_UNUSED_VARIABLE = YES;
				IPHONEOS_DEPLOYMENT_TARGET = 11.0;
				MTL_ENABLE_DEBUG_INFO = YES;
				ONLY_ACTIVE_ARCH = YES;
				SDKROOT = iphoneos;
				SWIFT_ACTIVE_COMPILATION_CONDITIONS = DEBUG;
				SWIFT_OPTIMIZATION_LEVEL = "-Onone";
			};
			name = Debug;
		};
		B3D28CED1FB7588300DB9905 /* Release */ = {
			isa = XCBuildConfiguration;
			buildSettings = {
				ALWAYS_SEARCH_USER_PATHS = NO;
				CLANG_ANALYZER_NONNULL = YES;
				CLANG_ANALYZER_NUMBER_OBJECT_CONVERSION = YES_AGGRESSIVE;
				CLANG_CXX_LANGUAGE_STANDARD = "gnu++14";
				CLANG_CXX_LIBRARY = "libc++";
				CLANG_ENABLE_MODULES = YES;
				CLANG_ENABLE_OBJC_ARC = YES;
				CLANG_WARN_BLOCK_CAPTURE_AUTORELEASING = YES;
				CLANG_WARN_BOOL_CONVERSION = YES;
				CLANG_WARN_COMMA = YES;
				CLANG_WARN_CONSTANT_CONVERSION = YES;
				CLANG_WARN_DIRECT_OBJC_ISA_USAGE = YES_ERROR;
				CLANG_WARN_DOCUMENTATION_COMMENTS = YES;
				CLANG_WARN_EMPTY_BODY = YES;
				CLANG_WARN_ENUM_CONVERSION = YES;
				CLANG_WARN_INFINITE_RECURSION = YES;
				CLANG_WARN_INT_CONVERSION = YES;
				CLANG_WARN_NON_LITERAL_NULL_CONVERSION = YES;
				CLANG_WARN_OBJC_LITERAL_CONVERSION = YES;
				CLANG_WARN_OBJC_ROOT_CLASS = YES_ERROR;
				CLANG_WARN_RANGE_LOOP_ANALYSIS = YES;
				CLANG_WARN_STRICT_PROTOTYPES = YES;
				CLANG_WARN_SUSPICIOUS_MOVE = YES;
				CLANG_WARN_UNGUARDED_AVAILABILITY = YES_AGGRESSIVE;
				CLANG_WARN_UNREACHABLE_CODE = YES;
				CLANG_WARN__DUPLICATE_METHOD_MATCH = YES;
				CODE_SIGN_IDENTITY = "iPhone Developer";
				COPY_PHASE_STRIP = NO;
				DEBUG_INFORMATION_FORMAT = "dwarf-with-dsym";
				ENABLE_NS_ASSERTIONS = NO;
				ENABLE_STRICT_OBJC_MSGSEND = YES;
				GCC_C_LANGUAGE_STANDARD = gnu11;
				GCC_NO_COMMON_BLOCKS = YES;
				GCC_WARN_64_TO_32_BIT_CONVERSION = YES;
				GCC_WARN_ABOUT_RETURN_TYPE = YES_ERROR;
				GCC_WARN_UNDECLARED_SELECTOR = YES;
				GCC_WARN_UNINITIALIZED_AUTOS = YES_AGGRESSIVE;
				GCC_WARN_UNUSED_FUNCTION = YES;
				GCC_WARN_UNUSED_VARIABLE = YES;
				IPHONEOS_DEPLOYMENT_TARGET = 11.0;
				MTL_ENABLE_DEBUG_INFO = NO;
				SDKROOT = iphoneos;
				SWIFT_OPTIMIZATION_LEVEL = "-Owholemodule";
				VALIDATE_PRODUCT = YES;
			};
			name = Release;
		};
		B3D28CEF1FB7588300DB9905 /* Debug */ = {
			isa = XCBuildConfiguration;
			buildSettings = {
				ASSETCATALOG_COMPILER_APPICON_NAME = AppIcon;
				CODE_SIGN_STYLE = Automatic;
				INFOPLIST_FILE = TripNote2/Info.plist;
				LD_RUNPATH_SEARCH_PATHS = "$(inherited) @executable_path/Frameworks";
				PRODUCT_BUNDLE_IDENTIFIER = LothaireLaeuffer.TripNote2;
				PRODUCT_NAME = "$(TARGET_NAME)";
				SWIFT_VERSION = 4.0;
				TARGETED_DEVICE_FAMILY = "1,2";
			};
			name = Debug;
		};
		B3D28CF01FB7588300DB9905 /* Release */ = {
			isa = XCBuildConfiguration;
			buildSettings = {
				ASSETCATALOG_COMPILER_APPICON_NAME = AppIcon;
				CODE_SIGN_STYLE = Automatic;
				INFOPLIST_FILE = TripNote2/Info.plist;
				LD_RUNPATH_SEARCH_PATHS = "$(inherited) @executable_path/Frameworks";
				PRODUCT_BUNDLE_IDENTIFIER = LothaireLaeuffer.TripNote2;
				PRODUCT_NAME = "$(TARGET_NAME)";
				SWIFT_VERSION = 4.0;
				TARGETED_DEVICE_FAMILY = "1,2";
			};
			name = Release;
		};
		B3D28CF21FB7588300DB9905 /* Debug */ = {
			isa = XCBuildConfiguration;
			buildSettings = {
				ALWAYS_EMBED_SWIFT_STANDARD_LIBRARIES = YES;
				BUNDLE_LOADER = "$(TEST_HOST)";
				CODE_SIGN_STYLE = Automatic;
				INFOPLIST_FILE = TripNote2Tests/Info.plist;
				LD_RUNPATH_SEARCH_PATHS = "$(inherited) @executable_path/Frameworks @loader_path/Frameworks";
				PRODUCT_BUNDLE_IDENTIFIER = LothaireLaeuffer.TripNote2Tests;
				PRODUCT_NAME = "$(TARGET_NAME)";
				SWIFT_VERSION = 4.0;
				TARGETED_DEVICE_FAMILY = "1,2";
				TEST_HOST = "$(BUILT_PRODUCTS_DIR)/TripNote2.app/TripNote2";
			};
			name = Debug;
		};
		B3D28CF31FB7588300DB9905 /* Release */ = {
			isa = XCBuildConfiguration;
			buildSettings = {
				ALWAYS_EMBED_SWIFT_STANDARD_LIBRARIES = YES;
				BUNDLE_LOADER = "$(TEST_HOST)";
				CODE_SIGN_STYLE = Automatic;
				INFOPLIST_FILE = TripNote2Tests/Info.plist;
				LD_RUNPATH_SEARCH_PATHS = "$(inherited) @executable_path/Frameworks @loader_path/Frameworks";
				PRODUCT_BUNDLE_IDENTIFIER = LothaireLaeuffer.TripNote2Tests;
				PRODUCT_NAME = "$(TARGET_NAME)";
				SWIFT_VERSION = 4.0;
				TARGETED_DEVICE_FAMILY = "1,2";
				TEST_HOST = "$(BUILT_PRODUCTS_DIR)/TripNote2.app/TripNote2";
			};
			name = Release;
		};
/* End XCBuildConfiguration section */

/* Begin XCConfigurationList section */
		B3D28CCC1FB7588300DB9905 /* Build configuration list for PBXProject "TripNote2" */ = {
			isa = XCConfigurationList;
			buildConfigurations = (
				B3D28CEC1FB7588300DB9905 /* Debug */,
				B3D28CED1FB7588300DB9905 /* Release */,
			);
			defaultConfigurationIsVisible = 0;
			defaultConfigurationName = Release;
		};
		B3D28CEE1FB7588300DB9905 /* Build configuration list for PBXNativeTarget "TripNote2" */ = {
			isa = XCConfigurationList;
			buildConfigurations = (
				B3D28CEF1FB7588300DB9905 /* Debug */,
				B3D28CF01FB7588300DB9905 /* Release */,
			);
			defaultConfigurationIsVisible = 0;
			defaultConfigurationName = Release;
		};
		B3D28CF11FB7588300DB9905 /* Build configuration list for PBXNativeTarget "TripNote2Tests" */ = {
			isa = XCConfigurationList;
			buildConfigurations = (
				B3D28CF21FB7588300DB9905 /* Debug */,
				B3D28CF31FB7588300DB9905 /* Release */,
			);
			defaultConfigurationIsVisible = 0;
			defaultConfigurationName = Release;
		};
/* End XCConfigurationList section */
	};
	rootObject = B3D28CC91FB7588300DB9905 /* Project object */;
}
